
Microsoft Visual Studio Solution File, Format Version 12.00
Project("{FAE04EC0-301F-11D3-BF4B-00C04F79EFBC}") = "ConfigitSolution", "ConfigitSolution\ConfigitSolution.csproj", "{0E8CECDD-F1D2-49D0-A81D-71C4AAAA3B02}"
EndProject
Project("{FAE04EC0-301F-11D3-BF4B-00C04F79EFBC}") = "ConfigitSolutionsTests", "ConfigitSolutionsTests\ConfigitSolutionsTests.csproj", "{6DB07220-9CC8-434E-AE3A-AB83B8197E4D}"
EndProject
Global
	GlobalSection(SolutionConfigurationPlatforms) = preSolution
		Debug|Any CPU = Debug|Any CPU
		Release|Any CPU = Release|Any CPU
	EndGlobalSection
	GlobalSection(ProjectConfigurationPlatforms) = postSolution
		{0E8CECDD-F1D2-49D0-A81D-71C4AAAA3B02}.Debug|Any CPU.ActiveCfg = Debug|Any CPU
		{0E8CECDD-F1D2-49D0-A81D-71C4AAAA3B02}.Debug|Any CPU.Build.0 = Debug|Any CPU
		{0E8CECDD-F1D2-49D0-A81D-71C4AAAA3B02}.Release|Any CPU.ActiveCfg = Release|Any CPU
		{0E8CECDD-F1D2-49D0-A81D-71C4AAAA3B02}.Release|Any CPU.Build.0 = Release|Any CPU
		{6DB07220-9CC8-434E-AE3A-AB83B8197E4D}.Debug|Any CPU.ActiveCfg = Debug|Any CPU
		{6DB07220-9CC8-434E-AE3A-AB83B8197E4D}.Debug|Any CPU.Build.0 = Debug|Any CPU
		{6DB07220-9CC8-434E-AE3A-AB83B8197E4D}.Release|Any CPU.ActiveCfg = Release|Any CPU
		{6DB07220-9CC8-434E-AE3A-AB83B8197E4D}.Release|Any CPU.Build.0 = Release|Any CPU
	EndGlobalSection
EndGlobal
